// !$*UTF8*$!
{
	archiveVersion = 1;
	classes = {
	};
	objectVersion = 48;
	objects = {

/* Begin PBXBuildFile section */
		076051EE201FBAC80028EB79 /* AppDelegate.swift in Sources */ = {isa = PBXBuildFile; fileRef = 076051ED201FBAC80028EB79 /* AppDelegate.swift */; };
		076051F0201FBAC80028EB79 /* ViewController.swift in Sources */ = {isa = PBXBuildFile; fileRef = 076051EF201FBAC80028EB79 /* ViewController.swift */; };
		076051F3201FBAC80028EB79 /* Main.storyboard in Resources */ = {isa = PBXBuildFile; fileRef = 076051F1201FBAC80028EB79 /* Main.storyboard */; };
		076051F5201FBAC80028EB79 /* Assets.xcassets in Resources */ = {isa = PBXBuildFile; fileRef = 076051F4201FBAC80028EB79 /* Assets.xcassets */; };
		076051F8201FBAC80028EB79 /* LaunchScreen.storyboard in Resources */ = {isa = PBXBuildFile; fileRef = 076051F6201FBAC80028EB79 /* LaunchScreen.storyboard */; };
		07605213202262C30028EB79 /* play_again.png in Resources */ = {isa = PBXBuildFile; fileRef = 076051FF202262C00028EB79 /* play_again.png */; };
		07605214202262C30028EB79 /* icon87@3x.png in Resources */ = {isa = PBXBuildFile; fileRef = 07605200202262C00028EB79 /* icon87@3x.png */; };
		07605215202262C30028EB79 /* down_full_selected.png in Resources */ = {isa = PBXBuildFile; fileRef = 07605201202262C00028EB79 /* down_full_selected.png */; };
		07605216202262C30028EB79 /* next_round_fail.png in Resources */ = {isa = PBXBuildFile; fileRef = 07605202202262C10028EB79 /* next_round_fail.png */; };
		07605217202262C30028EB79 /* next_round_success.png in Resources */ = {isa = PBXBuildFile; fileRef = 07605203202262C10028EB79 /* next_round_success.png */; };
		07605218202262C30028EB79 /* up_half_selected.png in Resources */ = {isa = PBXBuildFile; fileRef = 07605204202262C10028EB79 /* up_half_selected.png */; };
		07605219202262C30028EB79 /* up_full.png in Resources */ = {isa = PBXBuildFile; fileRef = 07605205202262C10028EB79 /* up_full.png */; };
		0760521A202262C30028EB79 /* up_half.png in Resources */ = {isa = PBXBuildFile; fileRef = 07605206202262C10028EB79 /* up_half.png */; };
		0760521B202262C30028EB79 /* icon80@2x.png in Resources */ = {isa = PBXBuildFile; fileRef = 07605207202262C10028EB79 /* icon80@2x.png */; };
		0760521C202262C30028EB79 /* up_full_selected.png in Resources */ = {isa = PBXBuildFile; fileRef = 07605208202262C10028EB79 /* up_full_selected.png */; };
		0760521D202262C30028EB79 /* icon29@1x.png in Resources */ = {isa = PBXBuildFile; fileRef = 07605209202262C10028EB79 /* icon29@1x.png */; };
		0760521E202262C30028EB79 /* webview_bar.png in Resources */ = {isa = PBXBuildFile; fileRef = 0760520A202262C10028EB79 /* webview_bar.png */; };
		0760521F202262C30028EB79 /* down_half_selected.png in Resources */ = {isa = PBXBuildFile; fileRef = 0760520B202262C20028EB79 /* down_half_selected.png */; };
		07605220202262C30028EB79 /* icon58@2x.png in Resources */ = {isa = PBXBuildFile; fileRef = 0760520C202262C20028EB79 /* icon58@2x.png */; };
		07605221202262C30028EB79 /* down_half.png in Resources */ = {isa = PBXBuildFile; fileRef = 0760520D202262C20028EB79 /* down_half.png */; };
		07605222202262C30028EB79 /* icon120@3x.png in Resources */ = {isa = PBXBuildFile; fileRef = 0760520E202262C20028EB79 /* icon120@3x.png */; };
		07605223202262C30028EB79 /* splash_screen.png in Resources */ = {isa = PBXBuildFile; fileRef = 0760520F202262C20028EB79 /* splash_screen.png */; };
		07605224202262C30028EB79 /* icon40@1x.png in Resources */ = {isa = PBXBuildFile; fileRef = 07605210202262C20028EB79 /* icon40@1x.png */; };
		07605225202262C30028EB79 /* down_full.png in Resources */ = {isa = PBXBuildFile; fileRef = 07605211202262C20028EB79 /* down_full.png */; };
		07605226202262C30028EB79 /* icon180@3x.png in Resources */ = {isa = PBXBuildFile; fileRef = 07605212202262C30028EB79 /* icon180@3x.png */; };
		0760522A202B8D5A0028EB79 /* GamePlay.swift in Sources */ = {isa = PBXBuildFile; fileRef = 07605229202B8D5A0028EB79 /* GamePlay.swift */; };
/* End PBXBuildFile section */

/* Begin PBXFileReference section */
		076051EA201FBAC80028EB79 /* BoutTime.app */ = {isa = PBXFileReference; explicitFileType = wrapper.application; includeInIndex = 0; path = BoutTime.app; sourceTree = BUILT_PRODUCTS_DIR; };
		076051ED201FBAC80028EB79 /* AppDelegate.swift */ = {isa = PBXFileReference; lastKnownFileType = sourcecode.swift; path = AppDelegate.swift; sourceTree = "<group>"; };
		076051EF201FBAC80028EB79 /* ViewController.swift */ = {isa = PBXFileReference; lastKnownFileType = sourcecode.swift; path = ViewController.swift; sourceTree = "<group>"; };
		076051F2201FBAC80028EB79 /* Base */ = {isa = PBXFileReference; lastKnownFileType = file.storyboard; name = Base; path = Base.lproj/Main.storyboard; sourceTree = "<group>"; };
		076051F4201FBAC80028EB79 /* Assets.xcassets */ = {isa = PBXFileReference; lastKnownFileType = folder.assetcatalog; path = Assets.xcassets; sourceTree = "<group>"; };
		076051F7201FBAC80028EB79 /* Base */ = {isa = PBXFileReference; lastKnownFileType = file.storyboard; name = Base; path = Base.lproj/LaunchScreen.storyboard; sourceTree = "<group>"; };
		076051F9201FBAC80028EB79 /* Info.plist */ = {isa = PBXFileReference; lastKnownFileType = text.plist.xml; path = Info.plist; sourceTree = "<group>"; };
		076051FF202262C00028EB79 /* play_again.png */ = {isa = PBXFileReference; lastKnownFileType = image.png; path = play_again.png; sourceTree = "<group>"; };
		07605200202262C00028EB79 /* icon87@3x.png */ = {isa = PBXFileReference; lastKnownFileType = image.png; path = "icon87@3x.png"; sourceTree = "<group>"; };
		07605201202262C00028EB79 /* down_full_selected.png */ = {isa = PBXFileReference; lastKnownFileType = image.png; path = down_full_selected.png; sourceTree = "<group>"; };
		07605202202262C10028EB79 /* next_round_fail.png */ = {isa = PBXFileReference; lastKnownFileType = image.png; path = next_round_fail.png; sourceTree = "<group>"; };
		07605203202262C10028EB79 /* next_round_success.png */ = {isa = PBXFileReference; lastKnownFileType = image.png; path = next_round_success.png; sourceTree = "<group>"; };
		07605204202262C10028EB79 /* up_half_selected.png */ = {isa = PBXFileReference; lastKnownFileType = image.png; path = up_half_selected.png; sourceTree = "<group>"; };
		07605205202262C10028EB79 /* up_full.png */ = {isa = PBXFileReference; lastKnownFileType = image.png; path = up_full.png; sourceTree = "<group>"; };
		07605206202262C10028EB79 /* up_half.png */ = {isa = PBXFileReference; lastKnownFileType = image.png; path = up_half.png; sourceTree = "<group>"; };
		07605207202262C10028EB79 /* icon80@2x.png */ = {isa = PBXFileReference; lastKnownFileType = image.png; path = "icon80@2x.png"; sourceTree = "<group>"; };
		07605208202262C10028EB79 /* up_full_selected.png */ = {isa = PBXFileReference; lastKnownFileType = image.png; path = up_full_selected.png; sourceTree = "<group>"; };
		07605209202262C10028EB79 /* icon29@1x.png */ = {isa = PBXFileReference; lastKnownFileType = image.png; path = "icon29@1x.png"; sourceTree = "<group>"; };
		0760520A202262C10028EB79 /* webview_bar.png */ = {isa = PBXFileReference; lastKnownFileType = image.png; path = webview_bar.png; sourceTree = "<group>"; };
		0760520B202262C20028EB79 /* down_half_selected.png */ = {isa = PBXFileReference; lastKnownFileType = image.png; path = down_half_selected.png; sourceTree = "<group>"; };
		0760520C202262C20028EB79 /* icon58@2x.png */ = {isa = PBXFileReference; lastKnownFileType = image.png; path = "icon58@2x.png"; sourceTree = "<group>"; };
		0760520D202262C20028EB79 /* down_half.png */ = {isa = PBXFileReference; lastKnownFileType = image.png; path = down_half.png; sourceTree = "<group>"; };
		0760520E202262C20028EB79 /* icon120@3x.png */ = {isa = PBXFileReference; lastKnownFileType = image.png; path = "icon120@3x.png"; sourceTree = "<group>"; };
		0760520F202262C20028EB79 /* splash_screen.png */ = {isa = PBXFileReference; lastKnownFileType = image.png; path = splash_screen.png; sourceTree = "<group>"; };
		07605210202262C20028EB79 /* icon40@1x.png */ = {isa = PBXFileReference; lastKnownFileType = image.png; path = "icon40@1x.png"; sourceTree = "<group>"; };
		07605211202262C20028EB79 /* down_full.png */ = {isa = PBXFileReference; lastKnownFileType = image.png; path = down_full.png; sourceTree = "<group>"; };
		07605212202262C30028EB79 /* icon180@3x.png */ = {isa = PBXFileReference; lastKnownFileType = image.png; path = "icon180@3x.png"; sourceTree = "<group>"; };
		07605229202B8D5A0028EB79 /* GamePlay.swift */ = {isa = PBXFileReference; lastKnownFileType = sourcecode.swift; path = GamePlay.swift; sourceTree = "<group>"; };
/* End PBXFileReference section */

/* Begin PBXFrameworksBuildPhase section */
		076051E7201FBAC80028EB79 /* Frameworks */ = {
			isa = PBXFrameworksBuildPhase;
			buildActionMask = 2147483647;
			files = (
			);
			runOnlyForDeploymentPostprocessing = 0;
		};
/* End PBXFrameworksBuildPhase section */

/* Begin PBXGroup section */
		076051E1201FBAC80028EB79 = {
			isa = PBXGroup;
			children = (
				076051EC201FBAC80028EB79 /* BoutTime */,
				076051EB201FBAC80028EB79 /* Products */,
			);
			sourceTree = "<group>";
		};
		076051EB201FBAC80028EB79 /* Products */ = {
			isa = PBXGroup;
			children = (
				076051EA201FBAC80028EB79 /* BoutTime.app */,
			);
			name = Products;
			sourceTree = "<group>";
		};
		076051EC201FBAC80028EB79 /* BoutTime */ = {
			isa = PBXGroup;
			children = (
				07605227202262DD0028EB79 /* Images */,
				076051ED201FBAC80028EB79 /* AppDelegate.swift */,
				076051EF201FBAC80028EB79 /* ViewController.swift */,
				076051F1201FBAC80028EB79 /* Main.storyboard */,
				076051F4201FBAC80028EB79 /* Assets.xcassets */,
				076051F6201FBAC80028EB79 /* LaunchScreen.storyboard */,
				076051F9201FBAC80028EB79 /* Info.plist */,
				07605229202B8D5A0028EB79 /* GamePlay.swift */,
			);
			path = BoutTime;
			sourceTree = "<group>";
		};
		07605227202262DD0028EB79 /* Images */ = {
			isa = PBXGroup;
			children = (
				07605201202262C00028EB79 /* down_full_selected.png */,
				07605211202262C20028EB79 /* down_full.png */,
				0760520B202262C20028EB79 /* down_half_selected.png */,
				0760520D202262C20028EB79 /* down_half.png */,
				07605209202262C10028EB79 /* icon29@1x.png */,
				07605210202262C20028EB79 /* icon40@1x.png */,
				0760520C202262C20028EB79 /* icon58@2x.png */,
				07605207202262C10028EB79 /* icon80@2x.png */,
				07605200202262C00028EB79 /* icon87@3x.png */,
				0760520E202262C20028EB79 /* icon120@3x.png */,
				07605212202262C30028EB79 /* icon180@3x.png */,
				07605202202262C10028EB79 /* next_round_fail.png */,
				07605203202262C10028EB79 /* next_round_success.png */,
				076051FF202262C00028EB79 /* play_again.png */,
				0760520F202262C20028EB79 /* splash_screen.png */,
				07605208202262C10028EB79 /* up_full_selected.png */,
				07605205202262C10028EB79 /* up_full.png */,
				07605204202262C10028EB79 /* up_half_selected.png */,
				07605206202262C10028EB79 /* up_half.png */,
				0760520A202262C10028EB79 /* webview_bar.png */,
			);
			path = Images;
			sourceTree = "<group>";
		};
/* End PBXGroup section */

/* Begin PBXNativeTarget section */
		076051E9201FBAC80028EB79 /* BoutTime */ = {
			isa = PBXNativeTarget;
			buildConfigurationList = 076051FC201FBAC80028EB79 /* Build configuration list for PBXNativeTarget "BoutTime" */;
			buildPhases = (
				076051E6201FBAC80028EB79 /* Sources */,
				076051E7201FBAC80028EB79 /* Frameworks */,
				076051E8201FBAC80028EB79 /* Resources */,
			);
			buildRules = (
			);
			dependencies = (
			);
			name = BoutTime;
			productName = BoutTime;
			productReference = 076051EA201FBAC80028EB79 /* BoutTime.app */;
			productType = "com.apple.product-type.application";
		};
/* End PBXNativeTarget section */

/* Begin PBXProject section */
		076051E2201FBAC80028EB79 /* Project object */ = {
			isa = PBXProject;
			attributes = {
				LastSwiftUpdateCheck = 0920;
				LastUpgradeCheck = 0920;
				ORGANIZATIONNAME = Romanik;
				TargetAttributes = {
					076051E9201FBAC80028EB79 = {
						CreatedOnToolsVersion = 9.2;
						ProvisioningStyle = Automatic;
					};
				};
			};
			buildConfigurationList = 076051E5201FBAC80028EB79 /* Build configuration list for PBXProject "BoutTime" */;
			compatibilityVersion = "Xcode 8.0";
			developmentRegion = en;
			hasScannedForEncodings = 0;
			knownRegions = (
				en,
				Base,
			);
			mainGroup = 076051E1201FBAC80028EB79;
			productRefGroup = 076051EB201FBAC80028EB79 /* Products */;
			projectDirPath = "";
			projectRoot = "";
			targets = (
				076051E9201FBAC80028EB79 /* BoutTime */,
			);
		};
/* End PBXProject section */

/* Begin PBXResourcesBuildPhase section */
		076051E8201FBAC80028EB79 /* Resources */ = {
			isa = PBXResourcesBuildPhase;
			buildActionMask = 2147483647;
			files = (
				0760521A202262C30028EB79 /* up_half.png in Resources */,
				07605214202262C30028EB79 /* icon87@3x.png in Resources */,
				07605219202262C30028EB79 /* up_full.png in Resources */,
				07605224202262C30028EB79 /* icon40@1x.png in Resources */,
				07605222202262C30028EB79 /* icon120@3x.png in Resources */,
				0760521F202262C30028EB79 /* down_half_selected.png in Resources */,
				07605220202262C30028EB79 /* icon58@2x.png in Resources */,
				07605223202262C30028EB79 /* splash_screen.png in Resources */,
				07605226202262C30028EB79 /* icon180@3x.png in Resources */,
				07605225202262C30028EB79 /* down_full.png in Resources */,
				07605216202262C30028EB79 /* next_round_fail.png in Resources */,
				076051F8201FBAC80028EB79 /* LaunchScreen.storyboard in Resources */,
				076051F5201FBAC80028EB79 /* Assets.xcassets in Resources */,
				07605215202262C30028EB79 /* down_full_selected.png in Resources */,
				0760521D202262C30028EB79 /* icon29@1x.png in Resources */,
				0760521E202262C30028EB79 /* webview_bar.png in Resources */,
				07605213202262C30028EB79 /* play_again.png in Resources */,
				07605218202262C30028EB79 /* up_half_selected.png in Resources */,
				076051F3201FBAC80028EB79 /* Main.storyboard in Resources */,
				07605221202262C30028EB79 /* down_half.png in Resources */,
				07605217202262C30028EB79 /* next_round_success.png in Resources */,
				0760521C202262C30028EB79 /* up_full_selected.png in Resources */,
				0760521B202262C30028EB79 /* icon80@2x.png in Resources */,
			);
			runOnlyForDeploymentPostprocessing = 0;
		};
/* End PBXResourcesBuildPhase section */

/* Begin PBXSourcesBuildPhase section */
		076051E6201FBAC80028EB79 /* Sources */ = {
			isa = PBXSourcesBuildPhase;
			buildActionMask = 2147483647;
			files = (
				076051F0201FBAC80028EB79 /* ViewController.swift in Sources */,
				076051EE201FBAC80028EB79 /* AppDelegate.swift in Sources */,
				0760522A202B8D5A0028EB79 /* GamePlay.swift in Sources */,
			);
			runOnlyForDeploymentPostprocessing = 0;
		};
/* End PBXSourcesBuildPhase section */

/* Begin PBXVariantGroup section */
		076051F1201FBAC80028EB79 /* Main.storyboard */ = {
			isa = PBXVariantGroup;
			children = (
				076051F2201FBAC80028EB79 /* Base */,
			);
			name = Main.storyboard;
			sourceTree = "<group>";
		};
		076051F6201FBAC80028EB79 /* LaunchScreen.storyboard */ = {
			isa = PBXVariantGroup;
			children = (
				076051F7201FBAC80028EB79 /* Base */,
			);
			name = LaunchScreen.storyboard;
			sourceTree = "<group>";
		};
/* End PBXVariantGroup section */

/* Begin XCBuildConfiguration section */
		076051FA201FBAC80028EB79 /* Debug */ = {
			isa = XCBuildConfiguration;
			buildSettings = {
				ALWAYS_SEARCH_USER_PATHS = NO;
				CLANG_ANALYZER_NONNULL = YES;
				CLANG_ANALYZER_NUMBER_OBJECT_CONVERSION = YES_AGGRESSIVE;
				CLANG_CXX_LANGUAGE_STANDARD = "gnu++14";
				CLANG_CXX_LIBRARY = "libc++";
				CLANG_ENABLE_MODULES = YES;
				CLANG_ENABLE_OBJC_ARC = YES;
				CLANG_WARN_BLOCK_CAPTURE_AUTORELEASING = YES;
				CLANG_WARN_BOOL_CONVERSION = YES;
				CLANG_WARN_COMMA = YES;
				CLANG_WARN_CONSTANT_CONVERSION = YES;
				CLANG_WARN_DIRECT_OBJC_ISA_USAGE = YES_ERROR;
				CLANG_WARN_DOCUMENTATION_COMMENTS = YES;
				CLANG_WARN_EMPTY_BODY = YES;
				CLANG_WARN_ENUM_CONVERSION = YES;
				CLANG_WARN_INFINITE_RECURSION = YES;
				CLANG_WARN_INT_CONVERSION = YES;
				CLANG_WARN_NON_LITERAL_NULL_CONVERSION = YES;
				CLANG_WARN_OBJC_LITERAL_CONVERSION = YES;
				CLANG_WARN_OBJC_ROOT_CLASS = YES_ERROR;
				CLANG_WARN_RANGE_LOOP_ANALYSIS = YES;
				CLANG_WARN_STRICT_PROTOTYPES = YES;
				CLANG_WARN_SUSPICIOUS_MOVE = YES;
				CLANG_WARN_UNGUARDED_AVAILABILITY = YES_AGGRESSIVE;
				CLANG_WARN_UNREACHABLE_CODE = YES;
				CLANG_WARN__DUPLICATE_METHOD_MATCH = YES;
				CODE_SIGN_IDENTITY = "iPhone Developer";
				COPY_PHASE_STRIP = NO;
				DEBUG_INFORMATION_FORMAT = dwarf;
				ENABLE_STRICT_OBJC_MSGSEND = YES;
				ENABLE_TESTABILITY = YES;
				GCC_C_LANGUAGE_STANDARD = gnu11;
				GCC_DYNAMIC_NO_PIC = NO;
				GCC_NO_COMMON_BLOCKS = YES;
				GCC_OPTIMIZATION_LEVEL = 0;
				GCC_PREPROCESSOR_DEFINITIONS = (
					"DEBUG=1",
					"$(inherited)",
				);
				GCC_WARN_64_TO_32_BIT_CONVERSION = YES;
				GCC_WARN_ABOUT_RETURN_TYPE = YES_ERROR;
				GCC_WARN_UNDECLARED_SELECTOR = YES;
				GCC_WARN_UNINITIALIZED_AUTOS = YES_AGGRESSIVE;
				GCC_WARN_UNUSED_FUNCTION = YES;
				GCC_WARN_UNUSED_VARIABLE = YES;
				IPHONEOS_DEPLOYMENT_TARGET = 11.2;
				MTL_ENABLE_DEBUG_INFO = YES;
				ONLY_ACTIVE_ARCH = YES;
				SDKROOT = iphoneos;
				SWIFT_ACTIVE_COMPILATION_CONDITIONS = DEBUG;
				SWIFT_OPTIMIZATION_LEVEL = "-Onone";
			};
			name = Debug;
		};
		076051FB201FBAC80028EB79 /* Release */ = {
			isa = XCBuildConfiguration;
			buildSettings = {
				ALWAYS_SEARCH_USER_PATHS = NO;
				CLANG_ANALYZER_NONNULL = YES;
				CLANG_ANALYZER_NUMBER_OBJECT_CONVERSION = YES_AGGRESSIVE;
				CLANG_CXX_LANGUAGE_STANDARD = "gnu++14";
				CLANG_CXX_LIBRARY = "libc++";
				CLANG_ENABLE_MODULES = YES;
				CLANG_ENABLE_OBJC_ARC = YES;
				CLANG_WARN_BLOCK_CAPTURE_AUTORELEASING = YES;
				CLANG_WARN_BOOL_CONVERSION = YES;
				CLANG_WARN_COMMA = YES;
				CLANG_WARN_CONSTANT_CONVERSION = YES;
				CLANG_WARN_DIRECT_OBJC_ISA_USAGE = YES_ERROR;
				CLANG_WARN_DOCUMENTATION_COMMENTS = YES;
				CLANG_WARN_EMPTY_BODY = YES;
				CLANG_WARN_ENUM_CONVERSION = YES;
				CLANG_WARN_INFINITE_RECURSION = YES;
				CLANG_WARN_INT_CONVERSION = YES;
				CLANG_WARN_NON_LITERAL_NULL_CONVERSION = YES;
				CLANG_WARN_OBJC_LITERAL_CONVERSION = YES;
				CLANG_WARN_OBJC_ROOT_CLASS = YES_ERROR;
				CLANG_WARN_RANGE_LOOP_ANALYSIS = YES;
				CLANG_WARN_STRICT_PROTOTYPES = YES;
				CLANG_WARN_SUSPICIOUS_MOVE = YES;
				CLANG_WARN_UNGUARDED_AVAILABILITY = YES_AGGRESSIVE;
				CLANG_WARN_UNREACHABLE_CODE = YES;
				CLANG_WARN__DUPLICATE_METHOD_MATCH = YES;
				CODE_SIGN_IDENTITY = "iPhone Developer";
				COPY_PHASE_STRIP = NO;
				DEBUG_INFORMATION_FORMAT = "dwarf-with-dsym";
				ENABLE_NS_ASSERTIONS = NO;
				ENABLE_STRICT_OBJC_MSGSEND = YES;
				GCC_C_LANGUAGE_STANDARD = gnu11;
				GCC_NO_COMMON_BLOCKS = YES;
				GCC_WARN_64_TO_32_BIT_CONVERSION = YES;
				GCC_WARN_ABOUT_RETURN_TYPE = YES_ERROR;
				GCC_WARN_UNDECLARED_SELECTOR = YES;
				GCC_WARN_UNINITIALIZED_AUTOS = YES_AGGRESSIVE;
				GCC_WARN_UNUSED_FUNCTION = YES;
				GCC_WARN_UNUSED_VARIABLE = YES;
				IPHONEOS_DEPLOYMENT_TARGET = 11.2;
				MTL_ENABLE_DEBUG_INFO = NO;
				SDKROOT = iphoneos;
				SWIFT_OPTIMIZATION_LEVEL = "-Owholemodule";
				VALIDATE_PRODUCT = YES;
			};
			name = Release;
		};
		076051FD201FBAC80028EB79 /* Debug */ = {
			isa = XCBuildConfiguration;
			buildSettings = {
				ASSETCATALOG_COMPILER_APPICON_NAME = AppIcon;
				CODE_SIGN_STYLE = Automatic;
				DEVELOPMENT_TEAM = 8D5ZGNXHJV;
				INFOPLIST_FILE = BoutTime/Info.plist;
				LD_RUNPATH_SEARCH_PATHS = "$(inherited) @executable_path/Frameworks";
				PRODUCT_BUNDLE_IDENTIFIER = com.romanik.BoutTime;
				PRODUCT_NAME = "$(TARGET_NAME)";
				SWIFT_VERSION = 4.0;
				TARGETED_DEVICE_FAMILY = "1,2";
			};
			name = Debug;
		};
		076051FE201FBAC80028EB79 /* Release */ = {
			isa = XCBuildConfiguration;
			buildSettings = {
				ASSETCATALOG_COMPILER_APPICON_NAME = AppIcon;
				CODE_SIGN_STYLE = Automatic;
				DEVELOPMENT_TEAM = 8D5ZGNXHJV;
				INFOPLIST_FILE = BoutTime/Info.plist;
				LD_RUNPATH_SEARCH_PATHS = "$(inherited) @executable_path/Frameworks";
				PRODUCT_BUNDLE_IDENTIFIER = com.romanik.BoutTime;
				PRODUCT_NAME = "$(TARGET_NAME)";
				SWIFT_VERSION = 4.0;
				TARGETED_DEVICE_FAMILY = "1,2";
			};
			name = Release;
		};
/* End XCBuildConfiguration section */

/* Begin XCConfigurationList section */
		076051E5201FBAC80028EB79 /* Build configuration list for PBXProject "BoutTime" */ = {
			isa = XCConfigurationList;
			buildConfigurations = (
				076051FA201FBAC80028EB79 /* Debug */,
				076051FB201FBAC80028EB79 /* Release */,
			);
			defaultConfigurationIsVisible = 0;
			defaultConfigurationName = Release;
		};
		076051FC201FBAC80028EB79 /* Build configuration list for PBXNativeTarget "BoutTime" */ = {
			isa = XCConfigurationList;
			buildConfigurations = (
				076051FD201FBAC80028EB79 /* Debug */,
				076051FE201FBAC80028EB79 /* Release */,
			);
			defaultConfigurationIsVisible = 0;
			defaultConfigurationName = Release;
		};
/* End XCConfigurationList section */
	};
	rootObject = 076051E2201FBAC80028EB79 /* Project object */;
}
